
Microsoft Visual Studio Solution File, Format Version 12.00
# Visual Studio Version 16
VisualStudioVersion = 16.0.30621.155
MinimumVisualStudioVersion = 10.0.40219.1
Project("{FAE04EC0-301F-11D3-BF4B-00C04F79EFBC}") = "SatyaMvc4Crud", "SatyaMvc4Crud.csproj", "{D093227A-793B-40C8-8FF8-1A6121811203}"
EndProject
Global
	GlobalSection(SolutionConfigurationPlatforms) = preSolution
		Debug|Any CPU = Debug|Any CPU
		Release|Any CPU = Release|Any CPU
	EndGlobalSection
	GlobalSection(ProjectConfigurationPlatforms) = postSolution
		{D093227A-793B-40C8-8FF8-1A6121811203}.Debug|Any CPU.ActiveCfg = Debug|Any CPU
		{D093227A-793B-40C8-8FF8-1A6121811203}.Debug|Any CPU.Build.0 = Debug|Any CPU
		{D093227A-793B-40C8-8FF8-1A6121811203}.Release|Any CPU.ActiveCfg = Release|Any CPU
		{D093227A-793B-40C8-8FF8-1A6121811203}.Release|Any CPU.Build.0 = Release|Any CPU
	EndGlobalSection
	GlobalSection(SolutionProperties) = preSolution
		HideSolutionNode = FALSE
	EndGlobalSection
	GlobalSection(ExtensibilityGlobals) = postSolution
		SolutionGuid = {C2A923E2-6F47-4189-BBC5-8D84423F530F}
	EndGlobalSection
EndGlobal
